{
  "name": "goat-bot-v2",
  "version": "1.5.35",
  "lockfileVersion": 3,
  "requires": true,
  "packages": {
    "": {
      "name": "goat-bot-v2",
      "version": "1.5.35",
      "license": "MIT",
      "dependencies": {
        "@distube/ytdl-core": "^4.16.12",
        "axios": "^1.4.0",
        // ... all other dependencies from your package.json ...
        "uuid-apikey": "^1.5.3",
        "chalk": "^4.1.2",
        "figlet": "^1.5.2",
        "priyansh-fb-downloader": "^2.0.0",
        "priyansh-ig-downloader": "^2.0.4",
        "shaon-videos-downloader": "^1.0.1",
        "jimp": "^0.16.13",
        "path": "^0.12.7"
      },
      "devDependencies": {
        "cross-env": "^10.1.0",
        // ... all other devDependencies ...
        "terser": "^5.15.0"
      }
    },
    // --- START OF THOUSANDS OF DEPENDENCY ENTRIES ---
    "node_modules/@distube/ytdl-core": {
      "version": "4.16.12",
      "resolved": "https://registry.npmjs.org/@distube/ytdl-core/-/ytdl-core-4.16.12.tgz",
      "integrity": "sha512-...",
      "dependencies": {
        "m3u8stream": "^0.8.0",
        // ... sub-dependencies for ytdl-core ...
      }
    },
    "node_modules/axios": {
      "version": "1.4.0",
      "resolved": "https://registry.npmjs.org/axios/-/axios-1.4.0.tgz",
      "integrity": "sha512-...."
    },
    // ... continues for every single package and its version ...
  }
}
